// !$*UTF8*$!
{
	archiveVersion = 1;
	classes = {
	};
	objectVersion = 46;
	objects = {

/* Begin PBXBuildFile section */
		AF74BA8EC229E6E40C4BA6E5 /* Pods_pokedex3.framework in Frameworks */ = {isa = PBXBuildFile; fileRef = 7EE261421B03711F2703BF47 /* Pods_pokedex3.framework */; };
		ED0FCC7A1F590A4D00BEFA9D /* PokemonDetailVC.swift in Sources */ = {isa = PBXBuildFile; fileRef = ED0FCC791F590A4D00BEFA9D /* PokemonDetailVC.swift */; };
		ED102FBE1F5440C100009A0D /* AppDelegate.swift in Sources */ = {isa = PBXBuildFile; fileRef = ED102FBD1F5440C100009A0D /* AppDelegate.swift */; };
		ED102FC01F5440C100009A0D /* ViewController.swift in Sources */ = {isa = PBXBuildFile; fileRef = ED102FBF1F5440C100009A0D /* ViewController.swift */; };
		ED102FC31F5440C100009A0D /* Main.storyboard in Resources */ = {isa = PBXBuildFile; fileRef = ED102FC11F5440C100009A0D /* Main.storyboard */; };
		ED102FC51F5440C100009A0D /* Assets.xcassets in Resources */ = {isa = PBXBuildFile; fileRef = ED102FC41F5440C100009A0D /* Assets.xcassets */; };
		ED102FC81F5440C100009A0D /* LaunchScreen.storyboard in Resources */ = {isa = PBXBuildFile; fileRef = ED102FC61F5440C100009A0D /* LaunchScreen.storyboard */; };
		ED102FD31F5440C100009A0D /* pokedex3Tests.swift in Sources */ = {isa = PBXBuildFile; fileRef = ED102FD21F5440C100009A0D /* pokedex3Tests.swift */; };
		ED102FDE1F5440C100009A0D /* pokedex3UITests.swift in Sources */ = {isa = PBXBuildFile; fileRef = ED102FDD1F5440C100009A0D /* pokedex3UITests.swift */; };
		ED102FEC1F54554400009A0D /* pokemon.csv in Resources */ = {isa = PBXBuildFile; fileRef = ED102FEB1F54554400009A0D /* pokemon.csv */; };
		ED102FF01F55AA8C00009A0D /* Pokemon.swift in Sources */ = {isa = PBXBuildFile; fileRef = ED102FEF1F55AA8C00009A0D /* Pokemon.swift */; };
		ED2AF4CB1F5F79E600DF3920 /* Constants.swift in Sources */ = {isa = PBXBuildFile; fileRef = ED2AF4CA1F5F79E600DF3920 /* Constants.swift */; };
		ED4D16D51F5617EC00708416 /* PokeCell.swift in Sources */ = {isa = PBXBuildFile; fileRef = ED4D16D41F5617EC00708416 /* PokeCell.swift */; };
		ED4D16D71F5635C400708416 /* csv.swift in Sources */ = {isa = PBXBuildFile; fileRef = ED4D16D61F5635C400708416 /* csv.swift */; };
		ED4D16D91F564A8A00708416 /* Pokemon Solid.ttf in Resources */ = {isa = PBXBuildFile; fileRef = ED4D16D81F564A8A00708416 /* Pokemon Solid.ttf */; };
		ED4D16DE1F564E7B00708416 /* music.mp3 in Resources */ = {isa = PBXBuildFile; fileRef = ED4D16DD1F564E7B00708416 /* music.mp3 */; };
		ED4D16E01F564E8200708416 /* music.png in Resources */ = {isa = PBXBuildFile; fileRef = ED4D16DF1F564E8200708416 /* music.png */; };
/* End PBXBuildFile section */

/* Begin PBXContainerItemProxy section */
		ED102FCF1F5440C100009A0D /* PBXContainerItemProxy */ = {
			isa = PBXContainerItemProxy;
			containerPortal = ED102FB21F5440C100009A0D /* Project object */;
			proxyType = 1;
			remoteGlobalIDString = ED102FB91F5440C100009A0D;
			remoteInfo = pokedex3;
		};
		ED102FDA1F5440C100009A0D /* PBXContainerItemProxy */ = {
			isa = PBXContainerItemProxy;
			containerPortal = ED102FB21F5440C100009A0D /* Project object */;
			proxyType = 1;
			remoteGlobalIDString = ED102FB91F5440C100009A0D;
			remoteInfo = pokedex3;
		};
/* End PBXContainerItemProxy section */

/* Begin PBXFileReference section */
		2B4D3CC3EF47744427678F9E /* Pods_pokedex3UITests.framework */ = {isa = PBXFileReference; explicitFileType = wrapper.framework; includeInIndex = 0; path = Pods_pokedex3UITests.framework; sourceTree = BUILT_PRODUCTS_DIR; };
		7EE261421B03711F2703BF47 /* Pods_pokedex3.framework */ = {isa = PBXFileReference; explicitFileType = wrapper.framework; includeInIndex = 0; path = Pods_pokedex3.framework; sourceTree = BUILT_PRODUCTS_DIR; };
		882D04CB5CFAC00BD30995C8 /* Pods-pokedex3.release.xcconfig */ = {isa = PBXFileReference; includeInIndex = 1; lastKnownFileType = text.xcconfig; name = "Pods-pokedex3.release.xcconfig"; path = "Pods/Target Support Files/Pods-pokedex3/Pods-pokedex3.release.xcconfig"; sourceTree = "<group>"; };
		9F4D87545CFC652D1E091D54 /* Pods-pokedex3.debug.xcconfig */ = {isa = PBXFileReference; includeInIndex = 1; lastKnownFileType = text.xcconfig; name = "Pods-pokedex3.debug.xcconfig"; path = "Pods/Target Support Files/Pods-pokedex3/Pods-pokedex3.debug.xcconfig"; sourceTree = "<group>"; };
		B1A5D7B309375240DD77C97A /* Pods_pokedex3Tests.framework */ = {isa = PBXFileReference; explicitFileType = wrapper.framework; includeInIndex = 0; path = Pods_pokedex3Tests.framework; sourceTree = BUILT_PRODUCTS_DIR; };
		ED0FCC791F590A4D00BEFA9D /* PokemonDetailVC.swift */ = {isa = PBXFileReference; fileEncoding = 4; lastKnownFileType = sourcecode.swift; path = PokemonDetailVC.swift; sourceTree = "<group>"; };
		ED102FBA1F5440C100009A0D /* pokedex3.app */ = {isa = PBXFileReference; explicitFileType = wrapper.application; includeInIndex = 0; path = pokedex3.app; sourceTree = BUILT_PRODUCTS_DIR; };
		ED102FBD1F5440C100009A0D /* AppDelegate.swift */ = {isa = PBXFileReference; lastKnownFileType = sourcecode.swift; path = AppDelegate.swift; sourceTree = "<group>"; };
		ED102FBF1F5440C100009A0D /* ViewController.swift */ = {isa = PBXFileReference; lastKnownFileType = sourcecode.swift; path = ViewController.swift; sourceTree = "<group>"; };
		ED102FC21F5440C100009A0D /* Base */ = {isa = PBXFileReference; lastKnownFileType = file.storyboard; name = Base; path = Base.lproj/Main.storyboard; sourceTree = "<group>"; };
		ED102FC41F5440C100009A0D /* Assets.xcassets */ = {isa = PBXFileReference; lastKnownFileType = folder.assetcatalog; path = Assets.xcassets; sourceTree = "<group>"; };
		ED102FC71F5440C100009A0D /* Base */ = {isa = PBXFileReference; lastKnownFileType = file.storyboard; name = Base; path = Base.lproj/LaunchScreen.storyboard; sourceTree = "<group>"; };
		ED102FC91F5440C100009A0D /* Info.plist */ = {isa = PBXFileReference; lastKnownFileType = text.plist.xml; path = Info.plist; sourceTree = "<group>"; };
		ED102FCE1F5440C100009A0D /* pokedex3Tests.xctest */ = {isa = PBXFileReference; explicitFileType = wrapper.cfbundle; includeInIndex = 0; path = pokedex3Tests.xctest; sourceTree = BUILT_PRODUCTS_DIR; };
		ED102FD21F5440C100009A0D /* pokedex3Tests.swift */ = {isa = PBXFileReference; lastKnownFileType = sourcecode.swift; path = pokedex3Tests.swift; sourceTree = "<group>"; };
		ED102FD41F5440C100009A0D /* Info.plist */ = {isa = PBXFileReference; lastKnownFileType = text.plist.xml; path = Info.plist; sourceTree = "<group>"; };
		ED102FD91F5440C100009A0D /* pokedex3UITests.xctest */ = {isa = PBXFileReference; explicitFileType = wrapper.cfbundle; includeInIndex = 0; path = pokedex3UITests.xctest; sourceTree = BUILT_PRODUCTS_DIR; };
		ED102FDD1F5440C100009A0D /* pokedex3UITests.swift */ = {isa = PBXFileReference; lastKnownFileType = sourcecode.swift; path = pokedex3UITests.swift; sourceTree = "<group>"; };
		ED102FDF1F5440C100009A0D /* Info.plist */ = {isa = PBXFileReference; lastKnownFileType = text.plist.xml; path = Info.plist; sourceTree = "<group>"; };
		ED102FEB1F54554400009A0D /* pokemon.csv */ = {isa = PBXFileReference; fileEncoding = 4; lastKnownFileType = text; path = pokemon.csv; sourceTree = "<group>"; };
		ED102FEF1F55AA8C00009A0D /* Pokemon.swift */ = {isa = PBXFileReference; fileEncoding = 4; lastKnownFileType = sourcecode.swift; path = Pokemon.swift; sourceTree = "<group>"; };
		ED2AF4CA1F5F79E600DF3920 /* Constants.swift */ = {isa = PBXFileReference; fileEncoding = 4; lastKnownFileType = sourcecode.swift; path = Constants.swift; sourceTree = "<group>"; };
		ED4D16D41F5617EC00708416 /* PokeCell.swift */ = {isa = PBXFileReference; fileEncoding = 4; lastKnownFileType = sourcecode.swift; path = PokeCell.swift; sourceTree = "<group>"; };
		ED4D16D61F5635C400708416 /* csv.swift */ = {isa = PBXFileReference; fileEncoding = 4; lastKnownFileType = sourcecode.swift; path = csv.swift; sourceTree = "<group>"; };
		ED4D16D81F564A8A00708416 /* Pokemon Solid.ttf */ = {isa = PBXFileReference; lastKnownFileType = file; path = "Pokemon Solid.ttf"; sourceTree = "<group>"; };
		ED4D16DD1F564E7B00708416 /* music.mp3 */ = {isa = PBXFileReference; lastKnownFileType = audio.mp3; path = music.mp3; sourceTree = "<group>"; };
		ED4D16DF1F564E8200708416 /* music.png */ = {isa = PBXFileReference; lastKnownFileType = image.png; path = music.png; sourceTree = "<group>"; };
/* End PBXFileReference section */

/* Begin PBXFrameworksBuildPhase section */
		ED102FB71F5440C100009A0D /* Frameworks */ = {
			isa = PBXFrameworksBuildPhase;
			buildActionMask = 2147483647;
			files = (
				AF74BA8EC229E6E40C4BA6E5 /* Pods_pokedex3.framework in Frameworks */,
			);
			runOnlyForDeploymentPostprocessing = 0;
		};
		ED102FCB1F5440C100009A0D /* Frameworks */ = {
			isa = PBXFrameworksBuildPhase;
			buildActionMask = 2147483647;
			files = (
			);
			runOnlyForDeploymentPostprocessing = 0;
		};
		ED102FD61F5440C100009A0D /* Frameworks */ = {
			isa = PBXFrameworksBuildPhase;
			buildActionMask = 2147483647;
			files = (
			);
			runOnlyForDeploymentPostprocessing = 0;
		};
/* End PBXFrameworksBuildPhase section */

/* Begin PBXGroup section */
		B1C4E87621EF0DB658661094 /* Frameworks */ = {
			isa = PBXGroup;
			children = (
				7EE261421B03711F2703BF47 /* Pods_pokedex3.framework */,
				B1A5D7B309375240DD77C97A /* Pods_pokedex3Tests.framework */,
				2B4D3CC3EF47744427678F9E /* Pods_pokedex3UITests.framework */,
			);
			name = Frameworks;
			sourceTree = "<group>";
		};
		C0A0CAD4ABB6FC5FB0EDE990 /* Pods */ = {
			isa = PBXGroup;
			children = (
				9F4D87545CFC652D1E091D54 /* Pods-pokedex3.debug.xcconfig */,
				882D04CB5CFAC00BD30995C8 /* Pods-pokedex3.release.xcconfig */,
			);
			name = Pods;
			sourceTree = "<group>";
		};
		ED102FB11F5440C100009A0D = {
			isa = PBXGroup;
			children = (
				ED102FBC1F5440C100009A0D /* pokedex3 */,
				ED102FD11F5440C100009A0D /* pokedex3Tests */,
				ED102FDC1F5440C100009A0D /* pokedex3UITests */,
				ED102FBB1F5440C100009A0D /* Products */,
				C0A0CAD4ABB6FC5FB0EDE990 /* Pods */,
				B1C4E87621EF0DB658661094 /* Frameworks */,
			);
			sourceTree = "<group>";
		};
		ED102FBB1F5440C100009A0D /* Products */ = {
			isa = PBXGroup;
			children = (
				ED102FBA1F5440C100009A0D /* pokedex3.app */,
				ED102FCE1F5440C100009A0D /* pokedex3Tests.xctest */,
				ED102FD91F5440C100009A0D /* pokedex3UITests.xctest */,
			);
			name = Products;
			sourceTree = "<group>";
		};
		ED102FBC1F5440C100009A0D /* pokedex3 */ = {
			isa = PBXGroup;
			children = (
				ED4D16DA1F564AC900708416 /* Controller */,
				ED4D16D11F5617AB00708416 /* View */,
				ED102FEE1F55AA7600009A0D /* Model */,
				ED4D16DB1F564AD700708416 /* Resources */,
				ED4D16DC1F564B2700708416 /* Util */,
				ED102FBD1F5440C100009A0D /* AppDelegate.swift */,
				ED102FC11F5440C100009A0D /* Main.storyboard */,
				ED102FC41F5440C100009A0D /* Assets.xcassets */,
				ED4D16D61F5635C400708416 /* csv.swift */,
				ED102FC61F5440C100009A0D /* LaunchScreen.storyboard */,
				ED102FC91F5440C100009A0D /* Info.plist */,
			);
			path = pokedex3;
			sourceTree = "<group>";
		};
		ED102FD11F5440C100009A0D /* pokedex3Tests */ = {
			isa = PBXGroup;
			children = (
				ED102FD21F5440C100009A0D /* pokedex3Tests.swift */,
				ED102FD41F5440C100009A0D /* Info.plist */,
			);
			path = pokedex3Tests;
			sourceTree = "<group>";
		};
		ED102FDC1F5440C100009A0D /* pokedex3UITests */ = {
			isa = PBXGroup;
			children = (
				ED102FDD1F5440C100009A0D /* pokedex3UITests.swift */,
				ED102FDF1F5440C100009A0D /* Info.plist */,
			);
			path = pokedex3UITests;
			sourceTree = "<group>";
		};
		ED102FEE1F55AA7600009A0D /* Model */ = {
			isa = PBXGroup;
			children = (
				ED102FEF1F55AA8C00009A0D /* Pokemon.swift */,
			);
			name = Model;
			sourceTree = "<group>";
		};
		ED4D16D11F5617AB00708416 /* View */ = {
			isa = PBXGroup;
			children = (
				ED4D16D41F5617EC00708416 /* PokeCell.swift */,
			);
			name = View;
			sourceTree = "<group>";
		};
		ED4D16DA1F564AC900708416 /* Controller */ = {
			isa = PBXGroup;
			children = (
				ED102FBF1F5440C100009A0D /* ViewController.swift */,
				ED0FCC791F590A4D00BEFA9D /* PokemonDetailVC.swift */,
			);
			name = Controller;
			sourceTree = "<group>";
		};
		ED4D16DB1F564AD700708416 /* Resources */ = {
			isa = PBXGroup;
			children = (
				ED102FEB1F54554400009A0D /* pokemon.csv */,
				ED4D16D81F564A8A00708416 /* Pokemon Solid.ttf */,
				ED4D16DD1F564E7B00708416 /* music.mp3 */,
				ED4D16DF1F564E8200708416 /* music.png */,
			);
			name = Resources;
			sourceTree = "<group>";
		};
		ED4D16DC1F564B2700708416 /* Util */ = {
			isa = PBXGroup;
			children = (
				ED2AF4CA1F5F79E600DF3920 /* Constants.swift */,
			);
			name = Util;
			sourceTree = "<group>";
		};
/* End PBXGroup section */

/* Begin PBXNativeTarget section */
		ED102FB91F5440C100009A0D /* pokedex3 */ = {
			isa = PBXNativeTarget;
			buildConfigurationList = ED102FE21F5440C100009A0D /* Build configuration list for PBXNativeTarget "pokedex3" */;
			buildPhases = (
				379E122107DA39D3B8D45DD1 /* [CP] Check Pods Manifest.lock */,
				ED102FB61F5440C100009A0D /* Sources */,
				ED102FB71F5440C100009A0D /* Frameworks */,
				ED102FB81F5440C100009A0D /* Resources */,
				FF03B483A7238A6CC787B83D /* [CP] Embed Pods Frameworks */,
				691137D142659DDBEBB5E59F /* [CP] Copy Pods Resources */,
			);
			buildRules = (
			);
			dependencies = (
			);
			name = pokedex3;
			productName = pokedex3;
			productReference = ED102FBA1F5440C100009A0D /* pokedex3.app */;
			productType = "com.apple.product-type.application";
		};
		ED102FCD1F5440C100009A0D /* pokedex3Tests */ = {
			isa = PBXNativeTarget;
			buildConfigurationList = ED102FE51F5440C100009A0D /* Build configuration list for PBXNativeTarget "pokedex3Tests" */;
			buildPhases = (
				ED102FCA1F5440C100009A0D /* Sources */,
				ED102FCB1F5440C100009A0D /* Frameworks */,
				ED102FCC1F5440C100009A0D /* Resources */,
			);
			buildRules = (
			);
			dependencies = (
				ED102FD01F5440C100009A0D /* PBXTargetDependency */,
			);
			name = pokedex3Tests;
			productName = pokedex3Tests;
			productReference = ED102FCE1F5440C100009A0D /* pokedex3Tests.xctest */;
			productType = "com.apple.product-type.bundle.unit-test";
		};
		ED102FD81F5440C100009A0D /* pokedex3UITests */ = {
			isa = PBXNativeTarget;
			buildConfigurationList = ED102FE81F5440C100009A0D /* Build configuration list for PBXNativeTarget "pokedex3UITests" */;
			buildPhases = (
				ED102FD51F5440C100009A0D /* Sources */,
				ED102FD61F5440C100009A0D /* Frameworks */,
				ED102FD71F5440C100009A0D /* Resources */,
			);
			buildRules = (
			);
			dependencies = (
				ED102FDB1F5440C100009A0D /* PBXTargetDependency */,
			);
			name = pokedex3UITests;
			productName = pokedex3UITests;
			productReference = ED102FD91F5440C100009A0D /* pokedex3UITests.xctest */;
			productType = "com.apple.product-type.bundle.ui-testing";
		};
/* End PBXNativeTarget section */

/* Begin PBXProject section */
		ED102FB21F5440C100009A0D /* Project object */ = {
			isa = PBXProject;
			attributes = {
				LastSwiftUpdateCheck = 0830;
				LastUpgradeCheck = 0830;
				ORGANIZATIONNAME = BRodz;
				TargetAttributes = {
					ED102FB91F5440C100009A0D = {
						CreatedOnToolsVersion = 8.3.3;
						DevelopmentTeam = U5D79G94Z4;
						LastSwiftMigration = 0830;
						ProvisioningStyle = Automatic;
					};
					ED102FCD1F5440C100009A0D = {
						CreatedOnToolsVersion = 8.3.3;
						DevelopmentTeam = U5D79G94Z4;
						LastSwiftMigration = 0830;
						ProvisioningStyle = Automatic;
						TestTargetID = ED102FB91F5440C100009A0D;
					};
					ED102FD81F5440C100009A0D = {
						CreatedOnToolsVersion = 8.3.3;
						DevelopmentTeam = U5D79G94Z4;
						LastSwiftMigration = 0830;
						ProvisioningStyle = Automatic;
						TestTargetID = ED102FB91F5440C100009A0D;
					};
				};
			};
			buildConfigurationList = ED102FB51F5440C100009A0D /* Build configuration list for PBXProject "pokedex3" */;
			compatibilityVersion = "Xcode 3.2";
			developmentRegion = English;
			hasScannedForEncodings = 0;
			knownRegions = (
				en,
				Base,
			);
			mainGroup = ED102FB11F5440C100009A0D;
			productRefGroup = ED102FBB1F5440C100009A0D /* Products */;
			projectDirPath = "";
			projectRoot = "";
			targets = (
				ED102FB91F5440C100009A0D /* pokedex3 */,
				ED102FCD1F5440C100009A0D /* pokedex3Tests */,
				ED102FD81F5440C100009A0D /* pokedex3UITests */,
			);
		};
/* End PBXProject section */

/* Begin PBXResourcesBuildPhase section */
		ED102FB81F5440C100009A0D /* Resources */ = {
			isa = PBXResourcesBuildPhase;
			buildActionMask = 2147483647;
			files = (
				ED4D16D91F564A8A00708416 /* Pokemon Solid.ttf in Resources */,
				ED4D16E01F564E8200708416 /* music.png in Resources */,
				ED102FC81F5440C100009A0D /* LaunchScreen.storyboard in Resources */,
				ED4D16DE1F564E7B00708416 /* music.mp3 in Resources */,
				ED102FC51F5440C100009A0D /* Assets.xcassets in Resources */,
				ED102FEC1F54554400009A0D /* pokemon.csv in Resources */,
				ED102FC31F5440C100009A0D /* Main.storyboard in Resources */,
			);
			runOnlyForDeploymentPostprocessing = 0;
		};
		ED102FCC1F5440C100009A0D /* Resources */ = {
			isa = PBXResourcesBuildPhase;
			buildActionMask = 2147483647;
			files = (
			);
			runOnlyForDeploymentPostprocessing = 0;
		};
		ED102FD71F5440C100009A0D /* Resources */ = {
			isa = PBXResourcesBuildPhase;
			buildActionMask = 2147483647;
			files = (
			);
			runOnlyForDeploymentPostprocessing = 0;
		};
/* End PBXResourcesBuildPhase section */

/* Begin PBXShellScriptBuildPhase section */
		379E122107DA39D3B8D45DD1 /* [CP] Check Pods Manifest.lock */ = {
			isa = PBXShellScriptBuildPhase;
			buildActionMask = 2147483647;
			files = (
			);
			inputPaths = (
				"${PODS_PODFILE_DIR_PATH}/Podfile.lock",
				"${PODS_ROOT}/Manifest.lock",
			);
			name = "[CP] Check Pods Manifest.lock";
			outputPaths = (
				"$(DERIVED_FILE_DIR)/Pods-pokedex3-checkManifestLockResult.txt",
			);
			runOnlyForDeploymentPostprocessing = 0;
			shellPath = /bin/sh;
			shellScript = "diff \"${PODS_PODFILE_DIR_PATH}/Podfile.lock\" \"${PODS_ROOT}/Manifest.lock\" > /dev/null\nif [ $? != 0 ] ; then\n    # print error to STDERR\n    echo \"error: The sandbox is not in sync with the Podfile.lock. Run 'pod install' or update your CocoaPods installation.\" >&2\n    exit 1\nfi\n# This output is used by Xcode 'outputs' to avoid re-running this script phase.\necho \"SUCCESS\" > \"${SCRIPT_OUTPUT_FILE_0}\"\n";
			showEnvVarsInLog = 0;
		};
		691137D142659DDBEBB5E59F /* [CP] Copy Pods Resources */ = {
			isa = PBXShellScriptBuildPhase;
			buildActionMask = 2147483647;
			files = (
			);
			inputPaths = (
			);
			name = "[CP] Copy Pods Resources";
			outputPaths = (
			);
			runOnlyForDeploymentPostprocessing = 0;
			shellPath = /bin/sh;
			shellScript = "\"${SRCROOT}/Pods/Target Support Files/Pods-pokedex3/Pods-pokedex3-resources.sh\"\n";
			showEnvVarsInLog = 0;
		};
		FF03B483A7238A6CC787B83D /* [CP] Embed Pods Frameworks */ = {
			isa = PBXShellScriptBuildPhase;
			buildActionMask = 2147483647;
			files = (
			);
			inputPaths = (
				"${SRCROOT}/Pods/Target Support Files/Pods-pokedex3/Pods-pokedex3-frameworks.sh",
				"${BUILT_PRODUCTS_DIR}/Alamofire/Alamofire.framework",
			);
			name = "[CP] Embed Pods Frameworks";
			outputPaths = (
				"${TARGET_BUILD_DIR}/${FRAMEWORKS_FOLDER_PATH}/Alamofire.framework",
			);
			runOnlyForDeploymentPostprocessing = 0;
			shellPath = /bin/sh;
			shellScript = "\"${SRCROOT}/Pods/Target Support Files/Pods-pokedex3/Pods-pokedex3-frameworks.sh\"\n";
			showEnvVarsInLog = 0;
		};
/* End PBXShellScriptBuildPhase section */

/* Begin PBXSourcesBuildPhase section */
		ED102FB61F5440C100009A0D /* Sources */ = {
			isa = PBXSourcesBuildPhase;
			buildActionMask = 2147483647;
			files = (
				ED4D16D51F5617EC00708416 /* PokeCell.swift in Sources */,
				ED102FC01F5440C100009A0D /* ViewController.swift in Sources */,
				ED102FBE1F5440C100009A0D /* AppDelegate.swift in Sources */,
				ED0FCC7A1F590A4D00BEFA9D /* PokemonDetailVC.swift in Sources */,
				ED2AF4CB1F5F79E600DF3920 /* Constants.swift in Sources */,
				ED102FF01F55AA8C00009A0D /* Pokemon.swift in Sources */,
				ED4D16D71F5635C400708416 /* csv.swift in Sources */,
			);
			runOnlyForDeploymentPostprocessing = 0;
		};
		ED102FCA1F5440C100009A0D /* Sources */ = {
			isa = PBXSourcesBuildPhase;
			buildActionMask = 2147483647;
			files = (
				ED102FD31F5440C100009A0D /* pokedex3Tests.swift in Sources */,
			);
			runOnlyForDeploymentPostprocessing = 0;
		};
		ED102FD51F5440C100009A0D /* Sources */ = {
			isa = PBXSourcesBuildPhase;
			buildActionMask = 2147483647;
			files = (
				ED102FDE1F5440C100009A0D /* pokedex3UITests.swift in Sources */,
			);
			runOnlyForDeploymentPostprocessing = 0;
		};
/* End PBXSourcesBuildPhase section */

/* Begin PBXTargetDependency section */
		ED102FD01F5440C100009A0D /* PBXTargetDependency */ = {
			isa = PBXTargetDependency;
			target = ED102FB91F5440C100009A0D /* pokedex3 */;
			targetProxy = ED102FCF1F5440C100009A0D /* PBXContainerItemProxy */;
		};
		ED102FDB1F5440C100009A0D /* PBXTargetDependency */ = {
			isa = PBXTargetDependency;
			target = ED102FB91F5440C100009A0D /* pokedex3 */;
			targetProxy = ED102FDA1F5440C100009A0D /* PBXContainerItemProxy */;
		};
/* End PBXTargetDependency section */

/* Begin PBXVariantGroup section */
		ED102FC11F5440C100009A0D /* Main.storyboard */ = {
			isa = PBXVariantGroup;
			children = (
				ED102FC21F5440C100009A0D /* Base */,
			);
			name = Main.storyboard;
			sourceTree = "<group>";
		};
		ED102FC61F5440C100009A0D /* LaunchScreen.storyboard */ = {
			isa = PBXVariantGroup;
			children = (
				ED102FC71F5440C100009A0D /* Base */,
			);
			name = LaunchScreen.storyboard;
			sourceTree = "<group>";
		};
/* End PBXVariantGroup section */

/* Begin XCBuildConfiguration section */
		ED102FE01F5440C100009A0D /* Debug */ = {
			isa = XCBuildConfiguration;
			buildSettings = {
				ALWAYS_SEARCH_USER_PATHS = NO;
				CLANG_ANALYZER_NONNULL = YES;
				CLANG_ANALYZER_NUMBER_OBJECT_CONVERSION = YES_AGGRESSIVE;
				CLANG_CXX_LANGUAGE_STANDARD = "gnu++0x";
				CLANG_CXX_LIBRARY = "libc++";
				CLANG_ENABLE_MODULES = YES;
				CLANG_ENABLE_OBJC_ARC = YES;
				CLANG_WARN_BOOL_CONVERSION = YES;
				CLANG_WARN_CONSTANT_CONVERSION = YES;
				CLANG_WARN_DIRECT_OBJC_ISA_USAGE = YES_ERROR;
				CLANG_WARN_DOCUMENTATION_COMMENTS = YES;
				CLANG_WARN_EMPTY_BODY = YES;
				CLANG_WARN_ENUM_CONVERSION = YES;
				CLANG_WARN_INFINITE_RECURSION = YES;
				CLANG_WARN_INT_CONVERSION = YES;
				CLANG_WARN_OBJC_ROOT_CLASS = YES_ERROR;
				CLANG_WARN_SUSPICIOUS_MOVE = YES;
				CLANG_WARN_UNREACHABLE_CODE = YES;
				CLANG_WARN__DUPLICATE_METHOD_MATCH = YES;
				"CODE_SIGN_IDENTITY[sdk=iphoneos*]" = "iPhone Developer";
				COPY_PHASE_STRIP = NO;
				DEBUG_INFORMATION_FORMAT = dwarf;
				ENABLE_STRICT_OBJC_MSGSEND = YES;
				ENABLE_TESTABILITY = YES;
				GCC_C_LANGUAGE_STANDARD = gnu99;
				GCC_DYNAMIC_NO_PIC = NO;
				GCC_NO_COMMON_BLOCKS = YES;
				GCC_OPTIMIZATION_LEVEL = 0;
				GCC_PREPROCESSOR_DEFINITIONS = (
					"DEBUG=1",
					"$(inherited)",
				);
				GCC_WARN_64_TO_32_BIT_CONVERSION = YES;
				GCC_WARN_ABOUT_RETURN_TYPE = YES_ERROR;
				GCC_WARN_UNDECLARED_SELECTOR = YES;
				GCC_WARN_UNINITIALIZED_AUTOS = YES_AGGRESSIVE;
				GCC_WARN_UNUSED_FUNCTION = YES;
				GCC_WARN_UNUSED_VARIABLE = YES;
				IPHONEOS_DEPLOYMENT_TARGET = 10.3;
				MTL_ENABLE_DEBUG_INFO = YES;
				ONLY_ACTIVE_ARCH = YES;
				SDKROOT = iphoneos;
				SWIFT_ACTIVE_COMPILATION_CONDITIONS = DEBUG;
				SWIFT_OPTIMIZATION_LEVEL = "-Onone";
			};
			name = Debug;
		};
		ED102FE11F5440C100009A0D /* Release */ = {
			isa = XCBuildConfiguration;
			buildSettings = {
				ALWAYS_SEARCH_USER_PATHS = NO;
				CLANG_ANALYZER_NONNULL = YES;
				CLANG_ANALYZER_NUMBER_OBJECT_CONVERSION = YES_AGGRESSIVE;
				CLANG_CXX_LANGUAGE_STANDARD = "gnu++0x";
				CLANG_CXX_LIBRARY = "libc++";
				CLANG_ENABLE_MODULES = YES;
				CLANG_ENABLE_OBJC_ARC = YES;
				CLANG_WARN_BOOL_CONVERSION = YES;
				CLANG_WARN_CONSTANT_CONVERSION = YES;
				CLANG_WARN_DIRECT_OBJC_ISA_USAGE = YES_ERROR;
				CLANG_WARN_DOCUMENTATION_COMMENTS = YES;
				CLANG_WARN_EMPTY_BODY = YES;
				CLANG_WARN_ENUM_CONVERSION = YES;
				CLANG_WARN_INFINITE_RECURSION = YES;
				CLANG_WARN_INT_CONVERSION = YES;
				CLANG_WARN_OBJC_ROOT_CLASS = YES_ERROR;
				CLANG_WARN_SUSPICIOUS_MOVE = YES;
				CLANG_WARN_UNREACHABLE_CODE = YES;
				CLANG_WARN__DUPLICATE_METHOD_MATCH = YES;
				"CODE_SIGN_IDENTITY[sdk=iphoneos*]" = "iPhone Developer";
				COPY_PHASE_STRIP = NO;
				DEBUG_INFORMATION_FORMAT = "dwarf-with-dsym";
				ENABLE_NS_ASSERTIONS = NO;
				ENABLE_STRICT_OBJC_MSGSEND = YES;
				GCC_C_LANGUAGE_STANDARD = gnu99;
				GCC_NO_COMMON_BLOCKS = YES;
				GCC_WARN_64_TO_32_BIT_CONVERSION = YES;
				GCC_WARN_ABOUT_RETURN_TYPE = YES_ERROR;
				GCC_WARN_UNDECLARED_SELECTOR = YES;
				GCC_WARN_UNINITIALIZED_AUTOS = YES_AGGRESSIVE;
				GCC_WARN_UNUSED_FUNCTION = YES;
				GCC_WARN_UNUSED_VARIABLE = YES;
				IPHONEOS_DEPLOYMENT_TARGET = 10.3;
				MTL_ENABLE_DEBUG_INFO = NO;
				SDKROOT = iphoneos;
				SWIFT_OPTIMIZATION_LEVEL = "-Owholemodule";
				VALIDATE_PRODUCT = YES;
			};
			name = Release;
		};
		ED102FE31F5440C100009A0D /* Debug */ = {
			isa = XCBuildConfiguration;
			baseConfigurationReference = 9F4D87545CFC652D1E091D54 /* Pods-pokedex3.debug.xcconfig */;
			buildSettings = {
				ASSETCATALOG_COMPILER_APPICON_NAME = AppIcon;
				DEVELOPMENT_TEAM = U5D79G94Z4;
				INFOPLIST_FILE = pokedex3/Info.plist;
				LD_RUNPATH_SEARCH_PATHS = "$(inherited) @executable_path/Frameworks";
				PRODUCT_BUNDLE_IDENTIFIER = com.brandon.pokedex3;
				PRODUCT_NAME = "$(TARGET_NAME)";
				SWIFT_VERSION = 3.0;
			};
			name = Debug;
		};
		ED102FE41F5440C100009A0D /* Release */ = {
			isa = XCBuildConfiguration;
			baseConfigurationReference = 882D04CB5CFAC00BD30995C8 /* Pods-pokedex3.release.xcconfig */;
			buildSettings = {
				ASSETCATALOG_COMPILER_APPICON_NAME = AppIcon;
				DEVELOPMENT_TEAM = U5D79G94Z4;
				INFOPLIST_FILE = pokedex3/Info.plist;
				LD_RUNPATH_SEARCH_PATHS = "$(inherited) @executable_path/Frameworks";
				PRODUCT_BUNDLE_IDENTIFIER = com.brandon.pokedex3;
				PRODUCT_NAME = "$(TARGET_NAME)";
				SWIFT_VERSION = 3.0;
			};
			name = Release;
		};
		ED102FE61F5440C100009A0D /* Debug */ = {
			isa = XCBuildConfiguration;
			buildSettings = {
				ALWAYS_EMBED_SWIFT_STANDARD_LIBRARIES = YES;
				BUNDLE_LOADER = "$(TEST_HOST)";
				DEVELOPMENT_TEAM = U5D79G94Z4;
				INFOPLIST_FILE = pokedex3Tests/Info.plist;
				LD_RUNPATH_SEARCH_PATHS = "$(inherited) @executable_path/Frameworks @loader_path/Frameworks";
				PRODUCT_BUNDLE_IDENTIFIER = com.brandon.pokedex3Tests;
				PRODUCT_NAME = "$(TARGET_NAME)";
				SWIFT_VERSION = 3.0;
				TEST_HOST = "$(BUILT_PRODUCTS_DIR)/pokedex3.app/pokedex3";
			};
			name = Debug;
		};
		ED102FE71F5440C100009A0D /* Release */ = {
			isa = XCBuildConfiguration;
			buildSettings = {
				ALWAYS_EMBED_SWIFT_STANDARD_LIBRARIES = YES;
				BUNDLE_LOADER = "$(TEST_HOST)";
				DEVELOPMENT_TEAM = U5D79G94Z4;
				INFOPLIST_FILE = pokedex3Tests/Info.plist;
				LD_RUNPATH_SEARCH_PATHS = "$(inherited) @executable_path/Frameworks @loader_path/Frameworks";
				PRODUCT_BUNDLE_IDENTIFIER = com.brandon.pokedex3Tests;
				PRODUCT_NAME = "$(TARGET_NAME)";
				SWIFT_VERSION = 3.0;
				TEST_HOST = "$(BUILT_PRODUCTS_DIR)/pokedex3.app/pokedex3";
			};
			name = Release;
		};
		ED102FE91F5440C100009A0D /* Debug */ = {
			isa = XCBuildConfiguration;
			buildSettings = {
				ALWAYS_EMBED_SWIFT_STANDARD_LIBRARIES = YES;
				DEVELOPMENT_TEAM = U5D79G94Z4;
				INFOPLIST_FILE = pokedex3UITests/Info.plist;
				LD_RUNPATH_SEARCH_PATHS = "$(inherited) @executable_path/Frameworks @loader_path/Frameworks";
				PRODUCT_BUNDLE_IDENTIFIER = com.brandon.pokedex3UITests;
				PRODUCT_NAME = "$(TARGET_NAME)";
				SWIFT_VERSION = 3.0;
				TEST_TARGET_NAME = pokedex3;
			};
			name = Debug;
		};
		ED102FEA1F5440C100009A0D /* Release */ = {
			isa = XCBuildConfiguration;
			buildSettings = {
				ALWAYS_EMBED_SWIFT_STANDARD_LIBRARIES = YES;
				DEVELOPMENT_TEAM = U5D79G94Z4;
				INFOPLIST_FILE = pokedex3UITests/Info.plist;
				LD_RUNPATH_SEARCH_PATHS = "$(inherited) @executable_path/Frameworks @loader_path/Frameworks";
				PRODUCT_BUNDLE_IDENTIFIER = com.brandon.pokedex3UITests;
				PRODUCT_NAME = "$(TARGET_NAME)";
				SWIFT_VERSION = 3.0;
				TEST_TARGET_NAME = pokedex3;
			};
			name = Release;
		};
/* End XCBuildConfiguration section */

/* Begin XCConfigurationList section */
		ED102FB51F5440C100009A0D /* Build configuration list for PBXProject "pokedex3" */ = {
			isa = XCConfigurationList;
			buildConfigurations = (
				ED102FE01F5440C100009A0D /* Debug */,
				ED102FE11F5440C100009A0D /* Release */,
			);
			defaultConfigurationIsVisible = 0;
			defaultConfigurationName = Release;
		};
		ED102FE21F5440C100009A0D /* Build configuration list for PBXNativeTarget "pokedex3" */ = {
			isa = XCConfigurationList;
			buildConfigurations = (
				ED102FE31F5440C100009A0D /* Debug */,
				ED102FE41F5440C100009A0D /* Release */,
			);
			defaultConfigurationIsVisible = 0;
			defaultConfigurationName = Release;
		};
		ED102FE51F5440C100009A0D /* Build configuration list for PBXNativeTarget "pokedex3Tests" */ = {
			isa = XCConfigurationList;
			buildConfigurations = (
				ED102FE61F5440C100009A0D /* Debug */,
				ED102FE71F5440C100009A0D /* Release */,
			);
			defaultConfigurationIsVisible = 0;
			defaultConfigurationName = Release;
		};
		ED102FE81F5440C100009A0D /* Build configuration list for PBXNativeTarget "pokedex3UITests" */ = {
			isa = XCConfigurationList;
			buildConfigurations = (
				ED102FE91F5440C100009A0D /* Debug */,
				ED102FEA1F5440C100009A0D /* Release */,
			);
			defaultConfigurationIsVisible = 0;
			defaultConfigurationName = Release;
		};
/* End XCConfigurationList section */
	};
	rootObject = ED102FB21F5440C100009A0D /* Project object */;
}
